
Microsoft Visual Studio Solution File, Format Version 12.00
# Visual Studio Version 16
VisualStudioVersion = 16.0.29215.179
MinimumVisualStudioVersion = 10.0.40219.1
Project("{9A19103F-16F7-4668-BE54-9A1E7A4F7556}") = "SampleXmlParsingConsoleApp", "SampleXmlParsingConsoleApp\SampleXmlParsingConsoleApp.csproj", "{59D73C0F-9331-49E3-AAF2-0F169FB556AC}"
EndProject
Global
	GlobalSection(SolutionConfigurationPlatforms) = preSolution
		Debug|Any CPU = Debug|Any CPU
		Release|Any CPU = Release|Any CPU
	EndGlobalSection
	GlobalSection(ProjectConfigurationPlatforms) = postSolution
		{59D73C0F-9331-49E3-AAF2-0F169FB556AC}.Debug|Any CPU.ActiveCfg = Debug|Any CPU
		{59D73C0F-9331-49E3-AAF2-0F169FB556AC}.Debug|Any CPU.Build.0 = Debug|Any CPU
		{59D73C0F-9331-49E3-AAF2-0F169FB556AC}.Release|Any CPU.ActiveCfg = Release|Any CPU
		{59D73C0F-9331-49E3-AAF2-0F169FB556AC}.Release|Any CPU.Build.0 = Release|Any CPU
	EndGlobalSection
	GlobalSection(SolutionProperties) = preSolution
		HideSolutionNode = FALSE
	EndGlobalSection
	GlobalSection(ExtensibilityGlobals) = postSolution
		SolutionGuid = {3E7A15E7-065B-4958-A1B6-7A90366B1C9B}
	EndGlobalSection
EndGlobal
